
Microsoft Visual Studio Solution File, Format Version 12.00
# Visual Studio Version 17
VisualStudioVersion = 17.0.31825.309
MinimumVisualStudioVersion = 10.0.40219.1
Project("{FAE04EC0-301F-11D3-BF4B-00C04F79EFBC}") = "FaleHafez", "FaleHafez\FaleHafez.csproj", "{6636535C-9AF1-4011-9BC8-53579B747B3A}"
EndProject
Global
	GlobalSection(SolutionConfigurationPlatforms) = preSolution
		Debug|Any CPU = Debug|Any CPU
		Release|Any CPU = Release|Any CPU
	EndGlobalSection
	GlobalSection(ProjectConfigurationPlatforms) = postSolution
		{6636535C-9AF1-4011-9BC8-53579B747B3A}.Debug|Any CPU.ActiveCfg = Debug|Any CPU
		{6636535C-9AF1-4011-9BC8-53579B747B3A}.Debug|Any CPU.Build.0 = Debug|Any CPU
		{6636535C-9AF1-4011-9BC8-53579B747B3A}.Debug|Any CPU.Deploy.0 = Debug|Any CPU
		{6636535C-9AF1-4011-9BC8-53579B747B3A}.Release|Any CPU.ActiveCfg = Release|Any CPU
		{6636535C-9AF1-4011-9BC8-53579B747B3A}.Release|Any CPU.Build.0 = Release|Any CPU
		{6636535C-9AF1-4011-9BC8-53579B747B3A}.Release|Any CPU.Deploy.0 = Release|Any CPU
	EndGlobalSection
	GlobalSection(SolutionProperties) = preSolution
		HideSolutionNode = FALSE
	EndGlobalSection
	GlobalSection(ExtensibilityGlobals) = postSolution
		SolutionGuid = {0CDD9D88-4B96-4F65-8473-D4FD0A25D5DB}
	EndGlobalSection
EndGlobal
